// !$*UTF8*$!
{
	archiveVersion = 1;
	classes = {
	};
	objectVersion = 46;
	objects = {

/* Begin PBXBuildFile section */
		AF32A6391D07B3FD005670F8 /* ThirdHeadCollectionReusableView.swift in Sources */ = {isa = PBXBuildFile; fileRef = AF32A6381D07B3FD005670F8 /* ThirdHeadCollectionReusableView.swift */; };
		AF32A63B1D07B774005670F8 /* FooterReusableView.swift in Sources */ = {isa = PBXBuildFile; fileRef = AF32A63A1D07B774005670F8 /* FooterReusableView.swift */; };
		AF32A63E1D07BDC9005670F8 /* CenterScrollHeaderCollectionReusableView.swift in Sources */ = {isa = PBXBuildFile; fileRef = AF32A63C1D07BDC9005670F8 /* CenterScrollHeaderCollectionReusableView.swift */; };
		AF32A63F1D07BDC9005670F8 /* CenterScrollHeaderCollectionReusableView.xib in Resources */ = {isa = PBXBuildFile; fileRef = AF32A63D1D07BDC9005670F8 /* CenterScrollHeaderCollectionReusableView.xib */; };
		AF32A6421D07F748005670F8 /* MarketCenterCell.swift in Sources */ = {isa = PBXBuildFile; fileRef = AF32A6401D07F748005670F8 /* MarketCenterCell.swift */; };
		AF32A6431D07F748005670F8 /* MarketCenterCell.xib in Resources */ = {isa = PBXBuildFile; fileRef = AF32A6411D07F748005670F8 /* MarketCenterCell.xib */; };
		AF32A6471D08080B005670F8 /* AreaViewController.swift in Sources */ = {isa = PBXBuildFile; fileRef = AF32A6451D08080B005670F8 /* AreaViewController.swift */; };
		AF32A6481D08080B005670F8 /* AreaViewController.xib in Resources */ = {isa = PBXBuildFile; fileRef = AF32A6461D08080B005670F8 /* AreaViewController.xib */; };
		AF3978421D2100E000B389AD /* MarketDetailController.swift in Sources */ = {isa = PBXBuildFile; fileRef = AF3978401D2100E000B389AD /* MarketDetailController.swift */; };
		AF3978431D2100E000B389AD /* MarketDetailController.xib in Resources */ = {isa = PBXBuildFile; fileRef = AF3978411D2100E000B389AD /* MarketDetailController.xib */; };
		AF3978461D21078100B389AD /* DetailMarketCell.swift in Sources */ = {isa = PBXBuildFile; fileRef = AF3978441D21078100B389AD /* DetailMarketCell.swift */; };
		AF3978471D21078100B389AD /* DetailMarketCell.xib in Resources */ = {isa = PBXBuildFile; fileRef = AF3978451D21078100B389AD /* DetailMarketCell.xib */; };
		AF39784E1D213EF000B389AD /* DetailMarketReusableView.swift in Sources */ = {isa = PBXBuildFile; fileRef = AF39784C1D213EF000B389AD /* DetailMarketReusableView.swift */; };
		AF39784F1D213EF000B389AD /* DetailMarketReusableView.xib in Resources */ = {isa = PBXBuildFile; fileRef = AF39784D1D213EF000B389AD /* DetailMarketReusableView.xib */; };
		AF41D1C71CFD84F900023207 /* MyCollectionHeaderView.swift in Sources */ = {isa = PBXBuildFile; fileRef = AF41D1C61CFD84F900023207 /* MyCollectionHeaderView.swift */; };
		AF41D1C91CFD850900023207 /* MyCollectionHeaderView.xib in Resources */ = {isa = PBXBuildFile; fileRef = AF41D1C81CFD850900023207 /* MyCollectionHeaderView.xib */; };
		AFC0A18A1D17F05A00C2EE3B /* SetUpViewController.swift in Sources */ = {isa = PBXBuildFile; fileRef = AFC0A1881D17F05A00C2EE3B /* SetUpViewController.swift */; };
		AFC0A18B1D17F05A00C2EE3B /* SetUpViewController.xib in Resources */ = {isa = PBXBuildFile; fileRef = AFC0A1891D17F05A00C2EE3B /* SetUpViewController.xib */; };
		AFC0A18D1D17F38000C2EE3B /* SetUpHeaderView.swift in Sources */ = {isa = PBXBuildFile; fileRef = AFC0A18C1D17F38000C2EE3B /* SetUpHeaderView.swift */; };
		AFC0A18F1D17F38800C2EE3B /* SetUpHeaderView.xib in Resources */ = {isa = PBXBuildFile; fileRef = AFC0A18E1D17F38800C2EE3B /* SetUpHeaderView.xib */; };
		AFC892401D221FAD00B241F7 /* DetailMarketHeaderCell.swift in Sources */ = {isa = PBXBuildFile; fileRef = AFC8923E1D221FAD00B241F7 /* DetailMarketHeaderCell.swift */; };
		AFC892411D221FAD00B241F7 /* DetailMarketHeaderCell.xib in Resources */ = {isa = PBXBuildFile; fileRef = AFC8923F1D221FAD00B241F7 /* DetailMarketHeaderCell.xib */; };
		AFC945CD1CD98CB200682472 /* MainClassicalSectionHeaderView.swift in Sources */ = {isa = PBXBuildFile; fileRef = AFC945CC1CD98CB200682472 /* MainClassicalSectionHeaderView.swift */; };
		AFC945CF1CD98CC500682472 /* MainClassicalSectionHeaderView.xib in Resources */ = {isa = PBXBuildFile; fileRef = AFC945CE1CD98CC500682472 /* MainClassicalSectionHeaderView.xib */; };
		AFC945D31CD98DAF00682472 /* mainListPlist.plist in Resources */ = {isa = PBXBuildFile; fileRef = AFC945D21CD98DAF00682472 /* mainListPlist.plist */; };
		AFC945D51CD9981C00682472 /* SearchViewController.swift in Sources */ = {isa = PBXBuildFile; fileRef = AFC945D41CD9981C00682472 /* SearchViewController.swift */; };
		AFC945D71CD9984100682472 /* Image.xcassets in Resources */ = {isa = PBXBuildFile; fileRef = AFC945D61CD9984100682472 /* Image.xcassets */; };
		AFCA55FC1D18E24500860E99 /* LJAnimationView.swift in Sources */ = {isa = PBXBuildFile; fileRef = AFCA55FB1D18E24500860E99 /* LJAnimationView.swift */; };
		AFCA56021D18E25700860E99 /* CircleLayer.swift in Sources */ = {isa = PBXBuildFile; fileRef = AFCA55FE1D18E25700860E99 /* CircleLayer.swift */; };
		AFCA56031D18E25700860E99 /* RectangleLayer.swift in Sources */ = {isa = PBXBuildFile; fileRef = AFCA55FF1D18E25700860E99 /* RectangleLayer.swift */; };
		AFCA56041D18E25700860E99 /* TriangleLayer.swift in Sources */ = {isa = PBXBuildFile; fileRef = AFCA56001D18E25700860E99 /* TriangleLayer.swift */; };
		AFCA56051D18E25700860E99 /* WaveLayer.swift in Sources */ = {isa = PBXBuildFile; fileRef = AFCA56011D18E25700860E99 /* WaveLayer.swift */; };
		AFCA56071D18E27300860E99 /* PrefixHeader.swift in Sources */ = {isa = PBXBuildFile; fileRef = AFCA56061D18E27300860E99 /* PrefixHeader.swift */; };
		AFCA56091D18E28E00860E99 /* Extension.swift in Sources */ = {isa = PBXBuildFile; fileRef = AFCA56081D18E28E00860E99 /* Extension.swift */; };
		AFCA560B1D18E2B100860E99 /* ScreenViewController.swift in Sources */ = {isa = PBXBuildFile; fileRef = AFCA560A1D18E2B100860E99 /* ScreenViewController.swift */; };
		AFCA56121D18E69900860E99 /* EditPersonalController.swift in Sources */ = {isa = PBXBuildFile; fileRef = AFCA56101D18E69900860E99 /* EditPersonalController.swift */; };
		AFCA56131D18E69900860E99 /* EditPersonalController.xib in Resources */ = {isa = PBXBuildFile; fileRef = AFCA56111D18E69900860E99 /* EditPersonalController.xib */; };
		AFD4D6EC1D02BAF400ECF7CE /* Assets.xcassets in Resources */ = {isa = PBXBuildFile; fileRef = AFD4D6EB1D02BAF400ECF7CE /* Assets.xcassets */; };
		AFD4D6EE1D02BE1800ECF7CE /* MeViewController.xib in Resources */ = {isa = PBXBuildFile; fileRef = AFD4D6ED1D02BE1800ECF7CE /* MeViewController.xib */; };
		AFD4D6F51D02C01800ECF7CE /* MeHeaderView.swift in Sources */ = {isa = PBXBuildFile; fileRef = AFD4D6F41D02C01800ECF7CE /* MeHeaderView.swift */; };
		AFD4D6F91D02C03A00ECF7CE /* MeHeaderView.xib in Resources */ = {isa = PBXBuildFile; fileRef = AFD4D6F81D02C03A00ECF7CE /* MeHeaderView.xib */; };
		AFD696D21CFD741400A1D4CA /* MainDetailVC.xib in Resources */ = {isa = PBXBuildFile; fileRef = AFD696D11CFD741400A1D4CA /* MainDetailVC.xib */; };
		AFD696D51CFD74D000A1D4CA /* MyCollectionViewCell.swift in Sources */ = {isa = PBXBuildFile; fileRef = AFD696D31CFD74D000A1D4CA /* MyCollectionViewCell.swift */; };
		AFD696D61CFD74D000A1D4CA /* MyCollectionViewCell.xib in Resources */ = {isa = PBXBuildFile; fileRef = AFD696D41CFD74D000A1D4CA /* MyCollectionViewCell.xib */; };
		AFD8185F1CA4DB5000DE1C85 /* CustomCentBtn.swift in Sources */ = {isa = PBXBuildFile; fileRef = AFD8185E1CA4DB5000DE1C85 /* CustomCentBtn.swift */; };
		AFD818671CA5137200DE1C85 /* CirCleView.swift in Sources */ = {isa = PBXBuildFile; fileRef = AFD818661CA5137200DE1C85 /* CirCleView.swift */; };
		AFE4A7731C99009000DAFD91 /* AppDelegate.swift in Sources */ = {isa = PBXBuildFile; fileRef = AFE4A7721C99009000DAFD91 /* AppDelegate.swift */; };
		AFE4A7781C99009000DAFD91 /* Main.storyboard in Resources */ = {isa = PBXBuildFile; fileRef = AFE4A7761C99009000DAFD91 /* Main.storyboard */; };
		AFE4A77D1C99009000DAFD91 /* LaunchScreen.storyboard in Resources */ = {isa = PBXBuildFile; fileRef = AFE4A77B1C99009000DAFD91 /* LaunchScreen.storyboard */; };
		AFE4A7881C99009000DAFD91 /* XiaChuFangTests.swift in Sources */ = {isa = PBXBuildFile; fileRef = AFE4A7871C99009000DAFD91 /* XiaChuFangTests.swift */; };
		AFE4A7931C99009000DAFD91 /* XiaChuFangUITests.swift in Sources */ = {isa = PBXBuildFile; fileRef = AFE4A7921C99009000DAFD91 /* XiaChuFangUITests.swift */; };
		AFE4A7B91C9900DB00DAFD91 /* CommunityVC.swift in Sources */ = {isa = PBXBuildFile; fileRef = AFE4A7A21C9900DB00DAFD91 /* CommunityVC.swift */; };
		AFE4A7BA1C9900DB00DAFD91 /* MainViewController.swift in Sources */ = {isa = PBXBuildFile; fileRef = AFE4A7A71C9900DB00DAFD91 /* MainViewController.swift */; };
		AFE4A7BB1C9900DB00DAFD91 /* MarketViewController.swift in Sources */ = {isa = PBXBuildFile; fileRef = AFE4A7AC1C9900DB00DAFD91 /* MarketViewController.swift */; };
		AFE4A7BC1C9900DB00DAFD91 /* MeViewController.swift in Sources */ = {isa = PBXBuildFile; fileRef = AFE4A7B11C9900DB00DAFD91 /* MeViewController.swift */; };
		AFE4A7BF1C99017E00DAFD91 /* TabeBarViewController.swift in Sources */ = {isa = PBXBuildFile; fileRef = AFE4A7BE1C99017E00DAFD91 /* TabeBarViewController.swift */; };
		AFE4A7C41C9948E600DAFD91 /* MainClassicalCell.swift in Sources */ = {isa = PBXBuildFile; fileRef = AFE4A7C31C9948E600DAFD91 /* MainClassicalCell.swift */; };
		AFE4A7C61C99685200DAFD91 /* MainHeaderView.swift in Sources */ = {isa = PBXBuildFile; fileRef = AFE4A7C51C99685200DAFD91 /* MainHeaderView.swift */; };
		AFEC98C91D1A363000CF23D4 /* area.plist in Resources */ = {isa = PBXBuildFile; fileRef = AFEC98C71D1A363000CF23D4 /* area.plist */; };
		AFEC98CA1D1A363000CF23D4 /* city.plist in Resources */ = {isa = PBXBuildFile; fileRef = AFEC98C81D1A363000CF23D4 /* city.plist */; };
		AFEC98CC1D1A3E4100CF23D4 /* LJPlacePickerView.swift in Sources */ = {isa = PBXBuildFile; fileRef = AFEC98CB1D1A3E4100CF23D4 /* LJPlacePickerView.swift */; };
		AFEC98CE1D1A93AD00CF23D4 /* LJDatePickerView.swift in Sources */ = {isa = PBXBuildFile; fileRef = AFEC98CD1D1A93AD00CF23D4 /* LJDatePickerView.swift */; };
		AFF1197B1CB5150A0098282D /* MainDetailVC.swift in Sources */ = {isa = PBXBuildFile; fileRef = AFF1197A1CB5150A0098282D /* MainDetailVC.swift */; };
		AFF1197D1CB51BC00098282D /* ImageScroller.swift in Sources */ = {isa = PBXBuildFile; fileRef = AFF1197C1CB51BC00098282D /* ImageScroller.swift */; };
		AFF8116E1D06B2EC00D491F4 /* MarketViewController.xib in Resources */ = {isa = PBXBuildFile; fileRef = AFF8116D1D06B2EC00D491F4 /* MarketViewController.xib */; };
		AFF811711D06CBB800D491F4 /* MarketTopHeaderView.swift in Sources */ = {isa = PBXBuildFile; fileRef = AFF811701D06CBB800D491F4 /* MarketTopHeaderView.swift */; };
		AFF811731D06CBC600D491F4 /* MarketTopHeaderView.xib in Resources */ = {isa = PBXBuildFile; fileRef = AFF811721D06CBC600D491F4 /* MarketTopHeaderView.xib */; };
		D52DB55614F16D7B69657C97 /* Pods_XiaChuFang.framework in Frameworks */ = {isa = PBXBuildFile; fileRef = 2EFD60A0C2BF92E090FFD3F4 /* Pods_XiaChuFang.framework */; };
/* End PBXBuildFile section */

/* Begin PBXContainerItemProxy section */
		AFE4A7841C99009000DAFD91 /* PBXContainerItemProxy */ = {
			isa = PBXContainerItemProxy;
			containerPortal = AFE4A7671C99009000DAFD91 /* Project object */;
			proxyType = 1;
			remoteGlobalIDString = AFE4A76E1C99009000DAFD91;
			remoteInfo = XiaChuFang;
		};
		AFE4A78F1C99009000DAFD91 /* PBXContainerItemProxy */ = {
			isa = PBXContainerItemProxy;
			containerPortal = AFE4A7671C99009000DAFD91 /* Project object */;
			proxyType = 1;
			remoteGlobalIDString = AFE4A76E1C99009000DAFD91;
			remoteInfo = XiaChuFang;
		};
/* End PBXContainerItemProxy section */

/* Begin PBXFileReference section */
		2EFD60A0C2BF92E090FFD3F4 /* Pods_XiaChuFang.framework */ = {isa = PBXFileReference; explicitFileType = wrapper.framework; includeInIndex = 0; path = Pods_XiaChuFang.framework; sourceTree = BUILT_PRODUCTS_DIR; };
		41E873282F95956D23E969CA /* Pods-XiaChuFang.debug.xcconfig */ = {isa = PBXFileReference; includeInIndex = 1; lastKnownFileType = text.xcconfig; name = "Pods-XiaChuFang.debug.xcconfig"; path = "Pods/Target Support Files/Pods-XiaChuFang/Pods-XiaChuFang.debug.xcconfig"; sourceTree = "<group>"; };
		6D9B9E31A1D8582A87CC6286 /* Pods-XiaChuFang.release.xcconfig */ = {isa = PBXFileReference; includeInIndex = 1; lastKnownFileType = text.xcconfig; name = "Pods-XiaChuFang.release.xcconfig"; path = "Pods/Target Support Files/Pods-XiaChuFang/Pods-XiaChuFang.release.xcconfig"; sourceTree = "<group>"; };
		AF32A6381D07B3FD005670F8 /* ThirdHeadCollectionReusableView.swift */ = {isa = PBXFileReference; fileEncoding = 4; lastKnownFileType = sourcecode.swift; path = ThirdHeadCollectionReusableView.swift; sourceTree = "<group>"; };
		AF32A63A1D07B774005670F8 /* FooterReusableView.swift */ = {isa = PBXFileReference; fileEncoding = 4; lastKnownFileType = sourcecode.swift; path = FooterReusableView.swift; sourceTree = "<group>"; };
		AF32A63C1D07BDC9005670F8 /* CenterScrollHeaderCollectionReusableView.swift */ = {isa = PBXFileReference; fileEncoding = 4; lastKnownFileType = sourcecode.swift; path = CenterScrollHeaderCollectionReusableView.swift; sourceTree = "<group>"; };
		AF32A63D1D07BDC9005670F8 /* CenterScrollHeaderCollectionReusableView.xib */ = {isa = PBXFileReference; fileEncoding = 4; lastKnownFileType = file.xib; path = CenterScrollHeaderCollectionReusableView.xib; sourceTree = "<group>"; };
		AF32A6401D07F748005670F8 /* MarketCenterCell.swift */ = {isa = PBXFileReference; fileEncoding = 4; lastKnownFileType = sourcecode.swift; path = MarketCenterCell.swift; sourceTree = "<group>"; };
		AF32A6411D07F748005670F8 /* MarketCenterCell.xib */ = {isa = PBXFileReference; fileEncoding = 4; lastKnownFileType = file.xib; path = MarketCenterCell.xib; sourceTree = "<group>"; };
		AF32A6451D08080B005670F8 /* AreaViewController.swift */ = {isa = PBXFileReference; fileEncoding = 4; lastKnownFileType = sourcecode.swift; path = AreaViewController.swift; sourceTree = "<group>"; };
		AF32A6461D08080B005670F8 /* AreaViewController.xib */ = {isa = PBXFileReference; fileEncoding = 4; lastKnownFileType = file.xib; path = AreaViewController.xib; sourceTree = "<group>"; };
		AF3978401D2100E000B389AD /* MarketDetailController.swift */ = {isa = PBXFileReference; fileEncoding = 4; lastKnownFileType = sourcecode.swift; path = MarketDetailController.swift; sourceTree = "<group>"; };
		AF3978411D2100E000B389AD /* MarketDetailController.xib */ = {isa = PBXFileReference; fileEncoding = 4; lastKnownFileType = file.xib; path = MarketDetailController.xib; sourceTree = "<group>"; };
		AF3978441D21078100B389AD /* DetailMarketCell.swift */ = {isa = PBXFileReference; fileEncoding = 4; lastKnownFileType = sourcecode.swift; path = DetailMarketCell.swift; sourceTree = "<group>"; };
		AF3978451D21078100B389AD /* DetailMarketCell.xib */ = {isa = PBXFileReference; fileEncoding = 4; lastKnownFileType = file.xib; path = DetailMarketCell.xib; sourceTree = "<group>"; };
		AF39784C1D213EF000B389AD /* DetailMarketReusableView.swift */ = {isa = PBXFileReference; fileEncoding = 4; lastKnownFileType = sourcecode.swift; path = DetailMarketReusableView.swift; sourceTree = "<group>"; };
		AF39784D1D213EF000B389AD /* DetailMarketReusableView.xib */ = {isa = PBXFileReference; fileEncoding = 4; lastKnownFileType = file.xib; path = DetailMarketReusableView.xib; sourceTree = "<group>"; };
		AF41D1C61CFD84F900023207 /* MyCollectionHeaderView.swift */ = {isa = PBXFileReference; fileEncoding = 4; lastKnownFileType = sourcecode.swift; path = MyCollectionHeaderView.swift; sourceTree = "<group>"; };
		AF41D1C81CFD850900023207 /* MyCollectionHeaderView.xib */ = {isa = PBXFileReference; fileEncoding = 4; lastKnownFileType = file.xib; path = MyCollectionHeaderView.xib; sourceTree = "<group>"; };
		AFC0A1881D17F05A00C2EE3B /* SetUpViewController.swift */ = {isa = PBXFileReference; fileEncoding = 4; lastKnownFileType = sourcecode.swift; path = SetUpViewController.swift; sourceTree = "<group>"; };
		AFC0A1891D17F05A00C2EE3B /* SetUpViewController.xib */ = {isa = PBXFileReference; fileEncoding = 4; lastKnownFileType = file.xib; path = SetUpViewController.xib; sourceTree = "<group>"; };
		AFC0A18C1D17F38000C2EE3B /* SetUpHeaderView.swift */ = {isa = PBXFileReference; fileEncoding = 4; lastKnownFileType = sourcecode.swift; path = SetUpHeaderView.swift; sourceTree = "<group>"; };
		AFC0A18E1D17F38800C2EE3B /* SetUpHeaderView.xib */ = {isa = PBXFileReference; fileEncoding = 4; lastKnownFileType = file.xib; path = SetUpHeaderView.xib; sourceTree = "<group>"; };
		AFC8923E1D221FAD00B241F7 /* DetailMarketHeaderCell.swift */ = {isa = PBXFileReference; fileEncoding = 4; lastKnownFileType = sourcecode.swift; path = DetailMarketHeaderCell.swift; sourceTree = "<group>"; };
		AFC8923F1D221FAD00B241F7 /* DetailMarketHeaderCell.xib */ = {isa = PBXFileReference; fileEncoding = 4; lastKnownFileType = file.xib; path = DetailMarketHeaderCell.xib; sourceTree = "<group>"; };
		AFC945CC1CD98CB200682472 /* MainClassicalSectionHeaderView.swift */ = {isa = PBXFileReference; fileEncoding = 4; lastKnownFileType = sourcecode.swift; path = MainClassicalSectionHeaderView.swift; sourceTree = "<group>"; };
		AFC945CE1CD98CC500682472 /* MainClassicalSectionHeaderView.xib */ = {isa = PBXFileReference; fileEncoding = 4; lastKnownFileType = file.xib; path = MainClassicalSectionHeaderView.xib; sourceTree = "<group>"; };
		AFC945D21CD98DAF00682472 /* mainListPlist.plist */ = {isa = PBXFileReference; fileEncoding = 4; lastKnownFileType = text.plist.xml; path = mainListPlist.plist; sourceTree = "<group>"; };
		AFC945D41CD9981C00682472 /* SearchViewController.swift */ = {isa = PBXFileReference; fileEncoding = 4; lastKnownFileType = sourcecode.swift; path = SearchViewController.swift; sourceTree = "<group>"; };
		AFC945D61CD9984100682472 /* Image.xcassets */ = {isa = PBXFileReference; lastKnownFileType = folder.assetcatalog; path = Image.xcassets; sourceTree = "<group>"; };
		AFCA55FB1D18E24500860E99 /* LJAnimationView.swift */ = {isa = PBXFileReference; fileEncoding = 4; lastKnownFileType = sourcecode.swift; path = LJAnimationView.swift; sourceTree = "<group>"; };
		AFCA55FE1D18E25700860E99 /* CircleLayer.swift */ = {isa = PBXFileReference; fileEncoding = 4; lastKnownFileType = sourcecode.swift; path = CircleLayer.swift; sourceTree = "<group>"; };
		AFCA55FF1D18E25700860E99 /* RectangleLayer.swift */ = {isa = PBXFileReference; fileEncoding = 4; lastKnownFileType = sourcecode.swift; path = RectangleLayer.swift; sourceTree = "<group>"; };
		AFCA56001D18E25700860E99 /* TriangleLayer.swift */ = {isa = PBXFileReference; fileEncoding = 4; lastKnownFileType = sourcecode.swift; path = TriangleLayer.swift; sourceTree = "<group>"; };
		AFCA56011D18E25700860E99 /* WaveLayer.swift */ = {isa = PBXFileReference; fileEncoding = 4; lastKnownFileType = sourcecode.swift; path = WaveLayer.swift; sourceTree = "<group>"; };
		AFCA56061D18E27300860E99 /* PrefixHeader.swift */ = {isa = PBXFileReference; fileEncoding = 4; lastKnownFileType = sourcecode.swift; path = PrefixHeader.swift; sourceTree = "<group>"; };
		AFCA56081D18E28E00860E99 /* Extension.swift */ = {isa = PBXFileReference; fileEncoding = 4; lastKnownFileType = sourcecode.swift; path = Extension.swift; sourceTree = "<group>"; };
		AFCA560A1D18E2B100860E99 /* ScreenViewController.swift */ = {isa = PBXFileReference; fileEncoding = 4; lastKnownFileType = sourcecode.swift; path = ScreenViewController.swift; sourceTree = "<group>"; };
		AFCA56101D18E69900860E99 /* EditPersonalController.swift */ = {isa = PBXFileReference; fileEncoding = 4; lastKnownFileType = sourcecode.swift; path = EditPersonalController.swift; sourceTree = "<group>"; };
		AFCA56111D18E69900860E99 /* EditPersonalController.xib */ = {isa = PBXFileReference; fileEncoding = 4; lastKnownFileType = file.xib; path = EditPersonalController.xib; sourceTree = "<group>"; };
		AFD4D6EB1D02BAF400ECF7CE /* Assets.xcassets */ = {isa = PBXFileReference; lastKnownFileType = folder.assetcatalog; path = Assets.xcassets; sourceTree = "<group>"; };
		AFD4D6ED1D02BE1800ECF7CE /* MeViewController.xib */ = {isa = PBXFileReference; fileEncoding = 4; lastKnownFileType = file.xib; path = MeViewController.xib; sourceTree = "<group>"; };
		AFD4D6F41D02C01800ECF7CE /* MeHeaderView.swift */ = {isa = PBXFileReference; fileEncoding = 4; lastKnownFileType = sourcecode.swift; path = MeHeaderView.swift; sourceTree = "<group>"; };
		AFD4D6F81D02C03A00ECF7CE /* MeHeaderView.xib */ = {isa = PBXFileReference; fileEncoding = 4; lastKnownFileType = file.xib; path = MeHeaderView.xib; sourceTree = "<group>"; };
		AFD696D11CFD741400A1D4CA /* MainDetailVC.xib */ = {isa = PBXFileReference; fileEncoding = 4; lastKnownFileType = file.xib; path = MainDetailVC.xib; sourceTree = "<group>"; };
		AFD696D31CFD74D000A1D4CA /* MyCollectionViewCell.swift */ = {isa = PBXFileReference; fileEncoding = 4; lastKnownFileType = sourcecode.swift; path = MyCollectionViewCell.swift; sourceTree = "<group>"; };
		AFD696D41CFD74D000A1D4CA /* MyCollectionViewCell.xib */ = {isa = PBXFileReference; fileEncoding = 4; lastKnownFileType = file.xib; path = MyCollectionViewCell.xib; sourceTree = "<group>"; };
		AFD8185E1CA4DB5000DE1C85 /* CustomCentBtn.swift */ = {isa = PBXFileReference; fileEncoding = 4; lastKnownFileType = sourcecode.swift; path = CustomCentBtn.swift; sourceTree = "<group>"; };
		AFD818661CA5137200DE1C85 /* CirCleView.swift */ = {isa = PBXFileReference; fileEncoding = 4; lastKnownFileType = sourcecode.swift; path = CirCleView.swift; sourceTree = "<group>"; };
		AFE4A76F1C99009000DAFD91 /* XiaChuFang.app */ = {isa = PBXFileReference; explicitFileType = wrapper.application; includeInIndex = 0; path = XiaChuFang.app; sourceTree = BUILT_PRODUCTS_DIR; };
		AFE4A7721C99009000DAFD91 /* AppDelegate.swift */ = {isa = PBXFileReference; lastKnownFileType = sourcecode.swift; path = AppDelegate.swift; sourceTree = "<group>"; };
		AFE4A7771C99009000DAFD91 /* Base */ = {isa = PBXFileReference; lastKnownFileType = file.storyboard; name = Base; path = Base.lproj/Main.storyboard; sourceTree = "<group>"; };
		AFE4A77C1C99009000DAFD91 /* Base */ = {isa = PBXFileReference; lastKnownFileType = file.storyboard; name = Base; path = Base.lproj/LaunchScreen.storyboard; sourceTree = "<group>"; };
		AFE4A77E1C99009000DAFD91 /* Info.plist */ = {isa = PBXFileReference; lastKnownFileType = text.plist.xml; path = Info.plist; sourceTree = "<group>"; };
		AFE4A7831C99009000DAFD91 /* XiaChuFangTests.xctest */ = {isa = PBXFileReference; explicitFileType = wrapper.cfbundle; includeInIndex = 0; path = XiaChuFangTests.xctest; sourceTree = BUILT_PRODUCTS_DIR; };
		AFE4A7871C99009000DAFD91 /* XiaChuFangTests.swift */ = {isa = PBXFileReference; lastKnownFileType = sourcecode.swift; path = XiaChuFangTests.swift; sourceTree = "<group>"; };
		AFE4A7891C99009000DAFD91 /* Info.plist */ = {isa = PBXFileReference; lastKnownFileType = text.plist.xml; path = Info.plist; sourceTree = "<group>"; };
		AFE4A78E1C99009000DAFD91 /* XiaChuFangUITests.xctest */ = {isa = PBXFileReference; explicitFileType = wrapper.cfbundle; includeInIndex = 0; path = XiaChuFangUITests.xctest; sourceTree = BUILT_PRODUCTS_DIR; };
		AFE4A7921C99009000DAFD91 /* XiaChuFangUITests.swift */ = {isa = PBXFileReference; lastKnownFileType = sourcecode.swift; path = XiaChuFangUITests.swift; sourceTree = "<group>"; };
		AFE4A7941C99009000DAFD91 /* Info.plist */ = {isa = PBXFileReference; lastKnownFileType = text.plist.xml; path = Info.plist; sourceTree = "<group>"; };
		AFE4A7A21C9900DB00DAFD91 /* CommunityVC.swift */ = {isa = PBXFileReference; fileEncoding = 4; lastKnownFileType = sourcecode.swift; path = CommunityVC.swift; sourceTree = "<group>"; };
		AFE4A7A71C9900DB00DAFD91 /* MainViewController.swift */ = {isa = PBXFileReference; fileEncoding = 4; lastKnownFileType = sourcecode.swift; path = MainViewController.swift; sourceTree = "<group>"; };
		AFE4A7AC1C9900DB00DAFD91 /* MarketViewController.swift */ = {isa = PBXFileReference; fileEncoding = 4; lastKnownFileType = sourcecode.swift; path = MarketViewController.swift; sourceTree = "<group>"; };
		AFE4A7B11C9900DB00DAFD91 /* MeViewController.swift */ = {isa = PBXFileReference; fileEncoding = 4; lastKnownFileType = sourcecode.swift; path = MeViewController.swift; sourceTree = "<group>"; };
		AFE4A7BE1C99017E00DAFD91 /* TabeBarViewController.swift */ = {isa = PBXFileReference; fileEncoding = 4; lastKnownFileType = sourcecode.swift; path = TabeBarViewController.swift; sourceTree = "<group>"; };
		AFE4A7C31C9948E600DAFD91 /* MainClassicalCell.swift */ = {isa = PBXFileReference; fileEncoding = 4; lastKnownFileType = sourcecode.swift; path = MainClassicalCell.swift; sourceTree = "<group>"; };
		AFE4A7C51C99685200DAFD91 /* MainHeaderView.swift */ = {isa = PBXFileReference; fileEncoding = 4; lastKnownFileType = sourcecode.swift; path = MainHeaderView.swift; sourceTree = "<group>"; };
		AFEC98C71D1A363000CF23D4 /* area.plist */ = {isa = PBXFileReference; fileEncoding = 4; lastKnownFileType = text.plist.xml; path = area.plist; sourceTree = "<group>"; };
		AFEC98C81D1A363000CF23D4 /* city.plist */ = {isa = PBXFileReference; fileEncoding = 4; lastKnownFileType = text.plist.xml; path = city.plist; sourceTree = "<group>"; };
		AFEC98CB1D1A3E4100CF23D4 /* LJPlacePickerView.swift */ = {isa = PBXFileReference; fileEncoding = 4; lastKnownFileType = sourcecode.swift; path = LJPlacePickerView.swift; sourceTree = "<group>"; };
		AFEC98CD1D1A93AD00CF23D4 /* LJDatePickerView.swift */ = {isa = PBXFileReference; fileEncoding = 4; lastKnownFileType = sourcecode.swift; path = LJDatePickerView.swift; sourceTree = "<group>"; };
		AFF1197A1CB5150A0098282D /* MainDetailVC.swift */ = {isa = PBXFileReference; fileEncoding = 4; lastKnownFileType = sourcecode.swift; path = MainDetailVC.swift; sourceTree = "<group>"; };
		AFF1197C1CB51BC00098282D /* ImageScroller.swift */ = {isa = PBXFileReference; fileEncoding = 4; lastKnownFileType = sourcecode.swift; path = ImageScroller.swift; sourceTree = "<group>"; };
		AFF8116D1D06B2EC00D491F4 /* MarketViewController.xib */ = {isa = PBXFileReference; fileEncoding = 4; lastKnownFileType = file.xib; path = MarketViewController.xib; sourceTree = "<group>"; };
		AFF811701D06CBB800D491F4 /* MarketTopHeaderView.swift */ = {isa = PBXFileReference; fileEncoding = 4; lastKnownFileType = sourcecode.swift; path = MarketTopHeaderView.swift; sourceTree = "<group>"; };
		AFF811721D06CBC600D491F4 /* MarketTopHeaderView.xib */ = {isa = PBXFileReference; fileEncoding = 4; lastKnownFileType = file.xib; path = MarketTopHeaderView.xib; sourceTree = "<group>"; };
/* End PBXFileReference section */

/* Begin PBXFrameworksBuildPhase section */
		AFE4A76C1C99009000DAFD91 /* Frameworks */ = {
			isa = PBXFrameworksBuildPhase;
			buildActionMask = 2147483647;
			files = (
				D52DB55614F16D7B69657C97 /* Pods_XiaChuFang.framework in Frameworks */,
			);
			runOnlyForDeploymentPostprocessing = 0;
		};
		AFE4A7801C99009000DAFD91 /* Frameworks */ = {
			isa = PBXFrameworksBuildPhase;
			buildActionMask = 2147483647;
			files = (
			);
			runOnlyForDeploymentPostprocessing = 0;
		};
		AFE4A78B1C99009000DAFD91 /* Frameworks */ = {
			isa = PBXFrameworksBuildPhase;
			buildActionMask = 2147483647;
			files = (
			);
			runOnlyForDeploymentPostprocessing = 0;
		};
/* End PBXFrameworksBuildPhase section */

/* Begin PBXGroup section */
		9600C6BB0451850C57AA48C2 /* Frameworks */ = {
			isa = PBXGroup;
			children = (
				2EFD60A0C2BF92E090FFD3F4 /* Pods_XiaChuFang.framework */,
			);
			name = Frameworks;
			sourceTree = "<group>";
		};
		AF32A6441D0807E0005670F8 /* Area(省市区) */ = {
			isa = PBXGroup;
			children = (
				AF32A6451D08080B005670F8 /* AreaViewController.swift */,
				AF32A6461D08080B005670F8 /* AreaViewController.xib */,
			);
			path = "Area(省市区)";
			sourceTree = "<group>";
		};
		AFC945D11CD98D9200682472 /* Source */ = {
			isa = PBXGroup;
			children = (
				AFEC98C71D1A363000CF23D4 /* area.plist */,
				AFEC98C81D1A363000CF23D4 /* city.plist */,
				AFCA55FD1D18E25700860E99 /* Layer */,
				AFC945D21CD98DAF00682472 /* mainListPlist.plist */,
				AFCA56081D18E28E00860E99 /* Extension.swift */,
				AFCA56061D18E27300860E99 /* PrefixHeader.swift */,
			);
			path = Source;
			sourceTree = "<group>";
		};
		AFCA55FD1D18E25700860E99 /* Layer */ = {
			isa = PBXGroup;
			children = (
				AFCA55FE1D18E25700860E99 /* CircleLayer.swift */,
				AFCA55FF1D18E25700860E99 /* RectangleLayer.swift */,
				AFCA56001D18E25700860E99 /* TriangleLayer.swift */,
				AFCA56011D18E25700860E99 /* WaveLayer.swift */,
			);
			path = Layer;
			sourceTree = "<group>";
		};
		AFD4D6F31D02C01800ECF7CE /* View */ = {
			isa = PBXGroup;
			children = (
				AFD4D6F41D02C01800ECF7CE /* MeHeaderView.swift */,
				AFD4D6F81D02C03A00ECF7CE /* MeHeaderView.xib */,
				AFC0A18C1D17F38000C2EE3B /* SetUpHeaderView.swift */,
				AFC0A18E1D17F38800C2EE3B /* SetUpHeaderView.xib */,
				AFEC98CB1D1A3E4100CF23D4 /* LJPlacePickerView.swift */,
				AFEC98CD1D1A93AD00CF23D4 /* LJDatePickerView.swift */,
			);
			path = View;
			sourceTree = "<group>";
		};
		AFD818651CA5137200DE1C85 /* DIY */ = {
			isa = PBXGroup;
			children = (
				AFD818661CA5137200DE1C85 /* CirCleView.swift */,
			);
			path = DIY;
			sourceTree = "<group>";
		};
		AFE4A7661C99009000DAFD91 = {
			isa = PBXGroup;
			children = (
				AFE4A7711C99009000DAFD91 /* XiaChuFang */,
				AFE4A7861C99009000DAFD91 /* XiaChuFangTests */,
				AFE4A7911C99009000DAFD91 /* XiaChuFangUITests */,
				AFE4A7701C99009000DAFD91 /* Products */,
				F13A01F80F6288423AB0E0B6 /* Pods */,
				9600C6BB0451850C57AA48C2 /* Frameworks */,
			);
			sourceTree = "<group>";
		};
		AFE4A7701C99009000DAFD91 /* Products */ = {
			isa = PBXGroup;
			children = (
				AFE4A76F1C99009000DAFD91 /* XiaChuFang.app */,
				AFE4A7831C99009000DAFD91 /* XiaChuFangTests.xctest */,
				AFE4A78E1C99009000DAFD91 /* XiaChuFangUITests.xctest */,
			);
			name = Products;
			sourceTree = "<group>";
		};
		AFE4A7711C99009000DAFD91 /* XiaChuFang */ = {
			isa = PBXGroup;
			children = (
				AFE4A7721C99009000DAFD91 /* AppDelegate.swift */,
				AFCA560A1D18E2B100860E99 /* ScreenViewController.swift */,
				AFCA55FB1D18E24500860E99 /* LJAnimationView.swift */,
				AFE4A7A51C9900DB00DAFD91 /* Main(下厨房) */,
				AFE4A7AA1C9900DB00DAFD91 /* Market(市集) */,
				AFE4A7A01C9900DB00DAFD91 /* Community(社区) */,
				AFE4A7AF1C9900DB00DAFD91 /* Me(我) */,
				AFE4A7B41C9900DB00DAFD91 /* TabBarController */,
				AFD818651CA5137200DE1C85 /* DIY */,
				AFC945D11CD98D9200682472 /* Source */,
				AFE4A7761C99009000DAFD91 /* Main.storyboard */,
				AFD4D6EB1D02BAF400ECF7CE /* Assets.xcassets */,
				AFC945D61CD9984100682472 /* Image.xcassets */,
				AFE4A77B1C99009000DAFD91 /* LaunchScreen.storyboard */,
				AFE4A77E1C99009000DAFD91 /* Info.plist */,
			);
			path = XiaChuFang;
			sourceTree = "<group>";
		};
		AFE4A7861C99009000DAFD91 /* XiaChuFangTests */ = {
			isa = PBXGroup;
			children = (
				AFE4A7871C99009000DAFD91 /* XiaChuFangTests.swift */,
				AFE4A7891C99009000DAFD91 /* Info.plist */,
			);
			path = XiaChuFangTests;
			sourceTree = "<group>";
		};
		AFE4A7911C99009000DAFD91 /* XiaChuFangUITests */ = {
			isa = PBXGroup;
			children = (
				AFE4A7921C99009000DAFD91 /* XiaChuFangUITests.swift */,
				AFE4A7941C99009000DAFD91 /* Info.plist */,
			);
			path = XiaChuFangUITests;
			sourceTree = "<group>";
		};
		AFE4A7A01C9900DB00DAFD91 /* Community(社区) */ = {
			isa = PBXGroup;
			children = (
				AFE4A7A11C9900DB00DAFD91 /* Controller */,
			);
			path = "Community(社区)";
			sourceTree = "<group>";
		};
		AFE4A7A11C9900DB00DAFD91 /* Controller */ = {
			isa = PBXGroup;
			children = (
				AFE4A7A21C9900DB00DAFD91 /* CommunityVC.swift */,
			);
			path = Controller;
			sourceTree = "<group>";
		};
		AFE4A7A51C9900DB00DAFD91 /* Main(下厨房) */ = {
			isa = PBXGroup;
			children = (
				AFE4A7A61C9900DB00DAFD91 /* Controller */,
				AFE4A7A91C9900DB00DAFD91 /* View */,
			);
			path = "Main(下厨房)";
			sourceTree = "<group>";
		};
		AFE4A7A61C9900DB00DAFD91 /* Controller */ = {
			isa = PBXGroup;
			children = (
				AFE4A7A71C9900DB00DAFD91 /* MainViewController.swift */,
				AFF1197A1CB5150A0098282D /* MainDetailVC.swift */,
				AFD696D11CFD741400A1D4CA /* MainDetailVC.xib */,
				AFC945D41CD9981C00682472 /* SearchViewController.swift */,
			);
			path = Controller;
			sourceTree = "<group>";
		};
		AFE4A7A91C9900DB00DAFD91 /* View */ = {
			isa = PBXGroup;
			children = (
				AFE4A7C31C9948E600DAFD91 /* MainClassicalCell.swift */,
				AFC945CC1CD98CB200682472 /* MainClassicalSectionHeaderView.swift */,
				AFC945CE1CD98CC500682472 /* MainClassicalSectionHeaderView.xib */,
				AFE4A7C51C99685200DAFD91 /* MainHeaderView.swift */,
				AFD8185E1CA4DB5000DE1C85 /* CustomCentBtn.swift */,
				AFF1197C1CB51BC00098282D /* ImageScroller.swift */,
				AFD696D31CFD74D000A1D4CA /* MyCollectionViewCell.swift */,
				AFD696D41CFD74D000A1D4CA /* MyCollectionViewCell.xib */,
				AF41D1C61CFD84F900023207 /* MyCollectionHeaderView.swift */,
				AF41D1C81CFD850900023207 /* MyCollectionHeaderView.xib */,
			);
			path = View;
			sourceTree = "<group>";
		};
		AFE4A7AA1C9900DB00DAFD91 /* Market(市集) */ = {
			isa = PBXGroup;
			children = (
				AF32A6441D0807E0005670F8 /* Area(省市区) */,
				AFE4A7AB1C9900DB00DAFD91 /* Controller */,
				AFF8116F1D06B43000D491F4 /* View */,
			);
			path = "Market(市集)";
			sourceTree = "<group>";
		};
		AFE4A7AB1C9900DB00DAFD91 /* Controller */ = {
			isa = PBXGroup;
			children = (
				AFE4A7AC1C9900DB00DAFD91 /* MarketViewController.swift */,
				AFF8116D1D06B2EC00D491F4 /* MarketViewController.xib */,
				AF3978401D2100E000B389AD /* MarketDetailController.swift */,
				AF3978411D2100E000B389AD /* MarketDetailController.xib */,
			);
			path = Controller;
			sourceTree = "<group>";
		};
		AFE4A7AF1C9900DB00DAFD91 /* Me(我) */ = {
			isa = PBXGroup;
			children = (
				AFE4A7B01C9900DB00DAFD91 /* Controller */,
				AFD4D6F31D02C01800ECF7CE /* View */,
			);
			path = "Me(我)";
			sourceTree = "<group>";
		};
		AFE4A7B01C9900DB00DAFD91 /* Controller */ = {
			isa = PBXGroup;
			children = (
				AFE4A7B11C9900DB00DAFD91 /* MeViewController.swift */,
				AFD4D6ED1D02BE1800ECF7CE /* MeViewController.xib */,
				AFC0A1881D17F05A00C2EE3B /* SetUpViewController.swift */,
				AFC0A1891D17F05A00C2EE3B /* SetUpViewController.xib */,
				AFCA56101D18E69900860E99 /* EditPersonalController.swift */,
				AFCA56111D18E69900860E99 /* EditPersonalController.xib */,
			);
			path = Controller;
			sourceTree = "<group>";
		};
		AFE4A7B41C9900DB00DAFD91 /* TabBarController */ = {
			isa = PBXGroup;
			children = (
				AFE4A7B51C9900DB00DAFD91 /* Controller */,
			);
			path = TabBarController;
			sourceTree = "<group>";
		};
		AFE4A7B51C9900DB00DAFD91 /* Controller */ = {
			isa = PBXGroup;
			children = (
				AFE4A7BE1C99017E00DAFD91 /* TabeBarViewController.swift */,
			);
			path = Controller;
			sourceTree = "<group>";
		};
		AFF8116F1D06B43000D491F4 /* View */ = {
			isa = PBXGroup;
			children = (
				AFF811701D06CBB800D491F4 /* MarketTopHeaderView.swift */,
				AFF811721D06CBC600D491F4 /* MarketTopHeaderView.xib */,
				AF32A63C1D07BDC9005670F8 /* CenterScrollHeaderCollectionReusableView.swift */,
				AF32A63D1D07BDC9005670F8 /* CenterScrollHeaderCollectionReusableView.xib */,
				AF32A6381D07B3FD005670F8 /* ThirdHeadCollectionReusableView.swift */,
				AF32A63A1D07B774005670F8 /* FooterReusableView.swift */,
				AF32A6401D07F748005670F8 /* MarketCenterCell.swift */,
				AF32A6411D07F748005670F8 /* MarketCenterCell.xib */,
				AF3978441D21078100B389AD /* DetailMarketCell.swift */,
				AF3978451D21078100B389AD /* DetailMarketCell.xib */,
				AF39784C1D213EF000B389AD /* DetailMarketReusableView.swift */,
				AF39784D1D213EF000B389AD /* DetailMarketReusableView.xib */,
				AFC8923E1D221FAD00B241F7 /* DetailMarketHeaderCell.swift */,
				AFC8923F1D221FAD00B241F7 /* DetailMarketHeaderCell.xib */,
			);
			name = View;
			path = Controller/View;
			sourceTree = "<group>";
		};
		F13A01F80F6288423AB0E0B6 /* Pods */ = {
			isa = PBXGroup;
			children = (
				41E873282F95956D23E969CA /* Pods-XiaChuFang.debug.xcconfig */,
				6D9B9E31A1D8582A87CC6286 /* Pods-XiaChuFang.release.xcconfig */,
			);
			name = Pods;
			sourceTree = "<group>";
		};
/* End PBXGroup section */

/* Begin PBXNativeTarget section */
		AFE4A76E1C99009000DAFD91 /* XiaChuFang */ = {
			isa = PBXNativeTarget;
			buildConfigurationList = AFE4A7971C99009000DAFD91 /* Build configuration list for PBXNativeTarget "XiaChuFang" */;
			buildPhases = (
				87307B3B3E4EB0B6E4855B76 /* [CP] Check Pods Manifest.lock */,
				AFE4A76B1C99009000DAFD91 /* Sources */,
				AFE4A76C1C99009000DAFD91 /* Frameworks */,
				AFE4A76D1C99009000DAFD91 /* Resources */,
				AFDAF5940E4495D803D533E1 /* [CP] Embed Pods Frameworks */,
				CE04E42845D669BDCB9D784F /* [CP] Copy Pods Resources */,
			);
			buildRules = (
			);
			dependencies = (
			);
			name = XiaChuFang;
			productName = XiaChuFang;
			productReference = AFE4A76F1C99009000DAFD91 /* XiaChuFang.app */;
			productType = "com.apple.product-type.application";
		};
		AFE4A7821C99009000DAFD91 /* XiaChuFangTests */ = {
			isa = PBXNativeTarget;
			buildConfigurationList = AFE4A79A1C99009000DAFD91 /* Build configuration list for PBXNativeTarget "XiaChuFangTests" */;
			buildPhases = (
				AFE4A77F1C99009000DAFD91 /* Sources */,
				AFE4A7801C99009000DAFD91 /* Frameworks */,
				AFE4A7811C99009000DAFD91 /* Resources */,
			);
			buildRules = (
			);
			dependencies = (
				AFE4A7851C99009000DAFD91 /* PBXTargetDependency */,
			);
			name = XiaChuFangTests;
			productName = XiaChuFangTests;
			productReference = AFE4A7831C99009000DAFD91 /* XiaChuFangTests.xctest */;
			productType = "com.apple.product-type.bundle.unit-test";
		};
		AFE4A78D1C99009000DAFD91 /* XiaChuFangUITests */ = {
			isa = PBXNativeTarget;
			buildConfigurationList = AFE4A79D1C99009000DAFD91 /* Build configuration list for PBXNativeTarget "XiaChuFangUITests" */;
			buildPhases = (
				AFE4A78A1C99009000DAFD91 /* Sources */,
				AFE4A78B1C99009000DAFD91 /* Frameworks */,
				AFE4A78C1C99009000DAFD91 /* Resources */,
			);
			buildRules = (
			);
			dependencies = (
				AFE4A7901C99009000DAFD91 /* PBXTargetDependency */,
			);
			name = XiaChuFangUITests;
			productName = XiaChuFangUITests;
			productReference = AFE4A78E1C99009000DAFD91 /* XiaChuFangUITests.xctest */;
			productType = "com.apple.product-type.bundle.ui-testing";
		};
/* End PBXNativeTarget section */

/* Begin PBXProject section */
		AFE4A7671C99009000DAFD91 /* Project object */ = {
			isa = PBXProject;
			attributes = {
				LastSwiftUpdateCheck = 0720;
				LastUpgradeCheck = 0900;
				ORGANIZATIONNAME = EasyFlower;
				TargetAttributes = {
					AFE4A76E1C99009000DAFD91 = {
						CreatedOnToolsVersion = 7.2.1;
					};
					AFE4A7821C99009000DAFD91 = {
						CreatedOnToolsVersion = 7.2.1;
						TestTargetID = AFE4A76E1C99009000DAFD91;
					};
					AFE4A78D1C99009000DAFD91 = {
						CreatedOnToolsVersion = 7.2.1;
						TestTargetID = AFE4A76E1C99009000DAFD91;
					};
				};
			};
			buildConfigurationList = AFE4A76A1C99009000DAFD91 /* Build configuration list for PBXProject "XiaChuFang" */;
			compatibilityVersion = "Xcode 3.2";
			developmentRegion = English;
			hasScannedForEncodings = 0;
			knownRegions = (
				en,
				Base,
			);
			mainGroup = AFE4A7661C99009000DAFD91;
			productRefGroup = AFE4A7701C99009000DAFD91 /* Products */;
			projectDirPath = "";
			projectRoot = "";
			targets = (
				AFE4A76E1C99009000DAFD91 /* XiaChuFang */,
				AFE4A7821C99009000DAFD91 /* XiaChuFangTests */,
				AFE4A78D1C99009000DAFD91 /* XiaChuFangUITests */,
			);
		};
/* End PBXProject section */

/* Begin PBXResourcesBuildPhase section */
		AFE4A76D1C99009000DAFD91 /* Resources */ = {
			isa = PBXResourcesBuildPhase;
			buildActionMask = 2147483647;
			files = (
				AFC892411D221FAD00B241F7 /* DetailMarketHeaderCell.xib in Resources */,
				AF32A63F1D07BDC9005670F8 /* CenterScrollHeaderCollectionReusableView.xib in Resources */,
				AFEC98C91D1A363000CF23D4 /* area.plist in Resources */,
				AFE4A77D1C99009000DAFD91 /* LaunchScreen.storyboard in Resources */,
				AF3978471D21078100B389AD /* DetailMarketCell.xib in Resources */,
				AF41D1C91CFD850900023207 /* MyCollectionHeaderView.xib in Resources */,
				AFD4D6F91D02C03A00ECF7CE /* MeHeaderView.xib in Resources */,
				AFCA56131D18E69900860E99 /* EditPersonalController.xib in Resources */,
				AFD4D6EE1D02BE1800ECF7CE /* MeViewController.xib in Resources */,
				AF39784F1D213EF000B389AD /* DetailMarketReusableView.xib in Resources */,
				AFF8116E1D06B2EC00D491F4 /* MarketViewController.xib in Resources */,
				AFD696D21CFD741400A1D4CA /* MainDetailVC.xib in Resources */,
				AFEC98CA1D1A363000CF23D4 /* city.plist in Resources */,
				AFC945D71CD9984100682472 /* Image.xcassets in Resources */,
				AFC945CF1CD98CC500682472 /* MainClassicalSectionHeaderView.xib in Resources */,
				AFC945D31CD98DAF00682472 /* mainListPlist.plist in Resources */,
				AFD696D61CFD74D000A1D4CA /* MyCollectionViewCell.xib in Resources */,
				AF32A6431D07F748005670F8 /* MarketCenterCell.xib in Resources */,
				AFC0A18B1D17F05A00C2EE3B /* SetUpViewController.xib in Resources */,
				AFD4D6EC1D02BAF400ECF7CE /* Assets.xcassets in Resources */,
				AFF811731D06CBC600D491F4 /* MarketTopHeaderView.xib in Resources */,
				AF3978431D2100E000B389AD /* MarketDetailController.xib in Resources */,
				AFC0A18F1D17F38800C2EE3B /* SetUpHeaderView.xib in Resources */,
				AFE4A7781C99009000DAFD91 /* Main.storyboard in Resources */,
				AF32A6481D08080B005670F8 /* AreaViewController.xib in Resources */,
			);
			runOnlyForDeploymentPostprocessing = 0;
		};
		AFE4A7811C99009000DAFD91 /* Resources */ = {
			isa = PBXResourcesBuildPhase;
			buildActionMask = 2147483647;
			files = (
			);
			runOnlyForDeploymentPostprocessing = 0;
		};
		AFE4A78C1C99009000DAFD91 /* Resources */ = {
			isa = PBXResourcesBuildPhase;
			buildActionMask = 2147483647;
			files = (
			);
			runOnlyForDeploymentPostprocessing = 0;
		};
/* End PBXResourcesBuildPhase section */

/* Begin PBXShellScriptBuildPhase section */
		87307B3B3E4EB0B6E4855B76 /* [CP] Check Pods Manifest.lock */ = {
			isa = PBXShellScriptBuildPhase;
			buildActionMask = 2147483647;
			files = (
			);
			inputPaths = (
				"${PODS_PODFILE_DIR_PATH}/Podfile.lock",
				"${PODS_ROOT}/Manifest.lock",
			);
			name = "[CP] Check Pods Manifest.lock";
			outputPaths = (
				"$(DERIVED_FILE_DIR)/Pods-XiaChuFang-checkManifestLockResult.txt",
			);
			runOnlyForDeploymentPostprocessing = 0;
			shellPath = /bin/sh;
			shellScript = "diff \"${PODS_PODFILE_DIR_PATH}/Podfile.lock\" \"${PODS_ROOT}/Manifest.lock\" > /dev/null\nif [ $? != 0 ] ; then\n    # print error to STDERR\n    echo \"error: The sandbox is not in sync with the Podfile.lock. Run 'pod install' or update your CocoaPods installation.\" >&2\n    exit 1\nfi\n# This output is used by Xcode 'outputs' to avoid re-running this script phase.\necho \"SUCCESS\" > \"${SCRIPT_OUTPUT_FILE_0}\"\n";
			showEnvVarsInLog = 0;
		};
		AFDAF5940E4495D803D533E1 /* [CP] Embed Pods Frameworks */ = {
			isa = PBXShellScriptBuildPhase;
			buildActionMask = 2147483647;
			files = (
			);
			inputPaths = (
				"${SRCROOT}/Pods/Target Support Files/Pods-XiaChuFang/Pods-XiaChuFang-frameworks.sh",
				"${BUILT_PRODUCTS_DIR}/IQKeyboardManagerSwift/IQKeyboardManagerSwift.framework",
			);
			name = "[CP] Embed Pods Frameworks";
			outputPaths = (
				"${TARGET_BUILD_DIR}/${FRAMEWORKS_FOLDER_PATH}/IQKeyboardManagerSwift.framework",
			);
			runOnlyForDeploymentPostprocessing = 0;
			shellPath = /bin/sh;
			shellScript = "\"${SRCROOT}/Pods/Target Support Files/Pods-XiaChuFang/Pods-XiaChuFang-frameworks.sh\"\n";
			showEnvVarsInLog = 0;
		};
		CE04E42845D669BDCB9D784F /* [CP] Copy Pods Resources */ = {
			isa = PBXShellScriptBuildPhase;
			buildActionMask = 2147483647;
			files = (
			);
			inputPaths = (
			);
			name = "[CP] Copy Pods Resources";
			outputPaths = (
			);
			runOnlyForDeploymentPostprocessing = 0;
			shellPath = /bin/sh;
			shellScript = "\"${SRCROOT}/Pods/Target Support Files/Pods-XiaChuFang/Pods-XiaChuFang-resources.sh\"\n";
			showEnvVarsInLog = 0;
		};
/* End PBXShellScriptBuildPhase section */

/* Begin PBXSourcesBuildPhase section */
		AFE4A76B1C99009000DAFD91 /* Sources */ = {
			isa = PBXSourcesBuildPhase;
			buildActionMask = 2147483647;
			files = (
				AFC945D51CD9981C00682472 /* SearchViewController.swift in Sources */,
				AFE4A7C61C99685200DAFD91 /* MainHeaderView.swift in Sources */,
				AFEC98CE1D1A93AD00CF23D4 /* LJDatePickerView.swift in Sources */,
				AFD696D51CFD74D000A1D4CA /* MyCollectionViewCell.swift in Sources */,
				AFEC98CC1D1A3E4100CF23D4 /* LJPlacePickerView.swift in Sources */,
				AFC0A18D1D17F38000C2EE3B /* SetUpHeaderView.swift in Sources */,
				AFCA56121D18E69900860E99 /* EditPersonalController.swift in Sources */,
				AFC892401D221FAD00B241F7 /* DetailMarketHeaderCell.swift in Sources */,
				AFE4A7C41C9948E600DAFD91 /* MainClassicalCell.swift in Sources */,
				AFCA55FC1D18E24500860E99 /* LJAnimationView.swift in Sources */,
				AFE4A7BC1C9900DB00DAFD91 /* MeViewController.swift in Sources */,
				AFCA56091D18E28E00860E99 /* Extension.swift in Sources */,
				AFF1197D1CB51BC00098282D /* ImageScroller.swift in Sources */,
				AFC945CD1CD98CB200682472 /* MainClassicalSectionHeaderView.swift in Sources */,
				AF32A6421D07F748005670F8 /* MarketCenterCell.swift in Sources */,
				AFCA56021D18E25700860E99 /* CircleLayer.swift in Sources */,
				AF3978421D2100E000B389AD /* MarketDetailController.swift in Sources */,
				AFE4A7B91C9900DB00DAFD91 /* CommunityVC.swift in Sources */,
				AFCA56031D18E25700860E99 /* RectangleLayer.swift in Sources */,
				AFD8185F1CA4DB5000DE1C85 /* CustomCentBtn.swift in Sources */,
				AFE4A7BB1C9900DB00DAFD91 /* MarketViewController.swift in Sources */,
				AFD4D6F51D02C01800ECF7CE /* MeHeaderView.swift in Sources */,
				AFCA560B1D18E2B100860E99 /* ScreenViewController.swift in Sources */,
				AF32A63E1D07BDC9005670F8 /* CenterScrollHeaderCollectionReusableView.swift in Sources */,
				AFD818671CA5137200DE1C85 /* CirCleView.swift in Sources */,
				AFE4A7731C99009000DAFD91 /* AppDelegate.swift in Sources */,
				AFE4A7BF1C99017E00DAFD91 /* TabeBarViewController.swift in Sources */,
				AFCA56041D18E25700860E99 /* TriangleLayer.swift in Sources */,
				AF32A63B1D07B774005670F8 /* FooterReusableView.swift in Sources */,
				AF3978461D21078100B389AD /* DetailMarketCell.swift in Sources */,
				AF39784E1D213EF000B389AD /* DetailMarketReusableView.swift in Sources */,
				AF32A6391D07B3FD005670F8 /* ThirdHeadCollectionReusableView.swift in Sources */,
				AF32A6471D08080B005670F8 /* AreaViewController.swift in Sources */,
				AFCA56051D18E25700860E99 /* WaveLayer.swift in Sources */,
				AFF1197B1CB5150A0098282D /* MainDetailVC.swift in Sources */,
				AFCA56071D18E27300860E99 /* PrefixHeader.swift in Sources */,
				AF41D1C71CFD84F900023207 /* MyCollectionHeaderView.swift in Sources */,
				AFE4A7BA1C9900DB00DAFD91 /* MainViewController.swift in Sources */,
				AFF811711D06CBB800D491F4 /* MarketTopHeaderView.swift in Sources */,
				AFC0A18A1D17F05A00C2EE3B /* SetUpViewController.swift in Sources */,
			);
			runOnlyForDeploymentPostprocessing = 0;
		};
		AFE4A77F1C99009000DAFD91 /* Sources */ = {
			isa = PBXSourcesBuildPhase;
			buildActionMask = 2147483647;
			files = (
				AFE4A7881C99009000DAFD91 /* XiaChuFangTests.swift in Sources */,
			);
			runOnlyForDeploymentPostprocessing = 0;
		};
		AFE4A78A1C99009000DAFD91 /* Sources */ = {
			isa = PBXSourcesBuildPhase;
			buildActionMask = 2147483647;
			files = (
				AFE4A7931C99009000DAFD91 /* XiaChuFangUITests.swift in Sources */,
			);
			runOnlyForDeploymentPostprocessing = 0;
		};
/* End PBXSourcesBuildPhase section */

/* Begin PBXTargetDependency section */
		AFE4A7851C99009000DAFD91 /* PBXTargetDependency */ = {
			isa = PBXTargetDependency;
			target = AFE4A76E1C99009000DAFD91 /* XiaChuFang */;
			targetProxy = AFE4A7841C99009000DAFD91 /* PBXContainerItemProxy */;
		};
		AFE4A7901C99009000DAFD91 /* PBXTargetDependency */ = {
			isa = PBXTargetDependency;
			target = AFE4A76E1C99009000DAFD91 /* XiaChuFang */;
			targetProxy = AFE4A78F1C99009000DAFD91 /* PBXContainerItemProxy */;
		};
/* End PBXTargetDependency section */

/* Begin PBXVariantGroup section */
		AFE4A7761C99009000DAFD91 /* Main.storyboard */ = {
			isa = PBXVariantGroup;
			children = (
				AFE4A7771C99009000DAFD91 /* Base */,
			);
			name = Main.storyboard;
			sourceTree = "<group>";
		};
		AFE4A77B1C99009000DAFD91 /* LaunchScreen.storyboard */ = {
			isa = PBXVariantGroup;
			children = (
				AFE4A77C1C99009000DAFD91 /* Base */,
			);
			name = LaunchScreen.storyboard;
			sourceTree = "<group>";
		};
/* End PBXVariantGroup section */

/* Begin XCBuildConfiguration section */
		AFE4A7951C99009000DAFD91 /* Debug */ = {
			isa = XCBuildConfiguration;
			buildSettings = {
				ALWAYS_SEARCH_USER_PATHS = NO;
				CLANG_CXX_LANGUAGE_STANDARD = "gnu++0x";
				CLANG_CXX_LIBRARY = "libc++";
				CLANG_ENABLE_MODULES = YES;
				CLANG_ENABLE_OBJC_ARC = YES;
				CLANG_WARN_BLOCK_CAPTURE_AUTORELEASING = YES;
				CLANG_WARN_BOOL_CONVERSION = YES;
				CLANG_WARN_COMMA = YES;
				CLANG_WARN_CONSTANT_CONVERSION = YES;
				CLANG_WARN_DIRECT_OBJC_ISA_USAGE = YES_ERROR;
				CLANG_WARN_EMPTY_BODY = YES;
				CLANG_WARN_ENUM_CONVERSION = YES;
				CLANG_WARN_INFINITE_RECURSION = YES;
				CLANG_WARN_INT_CONVERSION = YES;
				CLANG_WARN_NON_LITERAL_NULL_CONVERSION = YES;
				CLANG_WARN_OBJC_LITERAL_CONVERSION = YES;
				CLANG_WARN_OBJC_ROOT_CLASS = YES_ERROR;
				CLANG_WARN_RANGE_LOOP_ANALYSIS = YES;
				CLANG_WARN_STRICT_PROTOTYPES = YES;
				CLANG_WARN_SUSPICIOUS_MOVE = YES;
				CLANG_WARN_UNREACHABLE_CODE = YES;
				CLANG_WARN__DUPLICATE_METHOD_MATCH = YES;
				"CODE_SIGN_IDENTITY[sdk=iphoneos*]" = "iPhone Developer";
				COPY_PHASE_STRIP = NO;
				DEBUG_INFORMATION_FORMAT = dwarf;
				ENABLE_STRICT_OBJC_MSGSEND = YES;
				ENABLE_TESTABILITY = YES;
				GCC_C_LANGUAGE_STANDARD = gnu99;
				GCC_DYNAMIC_NO_PIC = NO;
				GCC_NO_COMMON_BLOCKS = YES;
				GCC_OPTIMIZATION_LEVEL = 0;
				GCC_PREPROCESSOR_DEFINITIONS = (
					"DEBUG=1",
					"$(inherited)",
				);
				GCC_WARN_64_TO_32_BIT_CONVERSION = YES;
				GCC_WARN_ABOUT_RETURN_TYPE = YES_ERROR;
				GCC_WARN_UNDECLARED_SELECTOR = YES;
				GCC_WARN_UNINITIALIZED_AUTOS = YES_AGGRESSIVE;
				GCC_WARN_UNUSED_FUNCTION = YES;
				GCC_WARN_UNUSED_VARIABLE = YES;
				IPHONEOS_DEPLOYMENT_TARGET = 9.2;
				MTL_ENABLE_DEBUG_INFO = YES;
				ONLY_ACTIVE_ARCH = YES;
				SDKROOT = iphoneos;
				SWIFT_OPTIMIZATION_LEVEL = "-Onone";
				TARGETED_DEVICE_FAMILY = "1,2";
			};
			name = Debug;
		};
		AFE4A7961C99009000DAFD91 /* Release */ = {
			isa = XCBuildConfiguration;
			buildSettings = {
				ALWAYS_SEARCH_USER_PATHS = NO;
				CLANG_CXX_LANGUAGE_STANDARD = "gnu++0x";
				CLANG_CXX_LIBRARY = "libc++";
				CLANG_ENABLE_MODULES = YES;
				CLANG_ENABLE_OBJC_ARC = YES;
				CLANG_WARN_BLOCK_CAPTURE_AUTORELEASING = YES;
				CLANG_WARN_BOOL_CONVERSION = YES;
				CLANG_WARN_COMMA = YES;
				CLANG_WARN_CONSTANT_CONVERSION = YES;
				CLANG_WARN_DIRECT_OBJC_ISA_USAGE = YES_ERROR;
				CLANG_WARN_EMPTY_BODY = YES;
				CLANG_WARN_ENUM_CONVERSION = YES;
				CLANG_WARN_INFINITE_RECURSION = YES;
				CLANG_WARN_INT_CONVERSION = YES;
				CLANG_WARN_NON_LITERAL_NULL_CONVERSION = YES;
				CLANG_WARN_OBJC_LITERAL_CONVERSION = YES;
				CLANG_WARN_OBJC_ROOT_CLASS = YES_ERROR;
				CLANG_WARN_RANGE_LOOP_ANALYSIS = YES;
				CLANG_WARN_STRICT_PROTOTYPES = YES;
				CLANG_WARN_SUSPICIOUS_MOVE = YES;
				CLANG_WARN_UNREACHABLE_CODE = YES;
				CLANG_WARN__DUPLICATE_METHOD_MATCH = YES;
				"CODE_SIGN_IDENTITY[sdk=iphoneos*]" = "iPhone Developer";
				COPY_PHASE_STRIP = NO;
				DEBUG_INFORMATION_FORMAT = "dwarf-with-dsym";
				ENABLE_NS_ASSERTIONS = NO;
				ENABLE_STRICT_OBJC_MSGSEND = YES;
				GCC_C_LANGUAGE_STANDARD = gnu99;
				GCC_NO_COMMON_BLOCKS = YES;
				GCC_WARN_64_TO_32_BIT_CONVERSION = YES;
				GCC_WARN_ABOUT_RETURN_TYPE = YES_ERROR;
				GCC_WARN_UNDECLARED_SELECTOR = YES;
				GCC_WARN_UNINITIALIZED_AUTOS = YES_AGGRESSIVE;
				GCC_WARN_UNUSED_FUNCTION = YES;
				GCC_WARN_UNUSED_VARIABLE = YES;
				IPHONEOS_DEPLOYMENT_TARGET = 9.2;
				MTL_ENABLE_DEBUG_INFO = NO;
				SDKROOT = iphoneos;
				SWIFT_OPTIMIZATION_LEVEL = "-Owholemodule";
				TARGETED_DEVICE_FAMILY = "1,2";
				VALIDATE_PRODUCT = YES;
			};
			name = Release;
		};
		AFE4A7981C99009000DAFD91 /* Debug */ = {
			isa = XCBuildConfiguration;
			baseConfigurationReference = 41E873282F95956D23E969CA /* Pods-XiaChuFang.debug.xcconfig */;
			buildSettings = {
				ASSETCATALOG_COMPILER_APPICON_NAME = AppIcon;
				ASSETCATALOG_COMPILER_LAUNCHIMAGE_NAME = LaunchImage;
				GCC_INCREASE_PRECOMPILED_HEADER_SHARING = NO;
				GCC_PRECOMPILE_PREFIX_HEADER = NO;
				GCC_PREFIX_HEADER = "";
				INFOPLIST_FILE = XiaChuFang/Info.plist;
				IPHONEOS_DEPLOYMENT_TARGET = 8.0;
				LD_RUNPATH_SEARCH_PATHS = "$(inherited) @executable_path/Frameworks";
				PRODUCT_BUNDLE_IDENTIFIER = com.yihuaapp.XiaChuFang;
				PRODUCT_NAME = "$(TARGET_NAME)";
				SWIFT_OBJC_BRIDGING_HEADER = "";
				SWIFT_VERSION = 4.0;
			};
			name = Debug;
		};
		AFE4A7991C99009000DAFD91 /* Release */ = {
			isa = XCBuildConfiguration;
			baseConfigurationReference = 6D9B9E31A1D8582A87CC6286 /* Pods-XiaChuFang.release.xcconfig */;
			buildSettings = {
				ASSETCATALOG_COMPILER_APPICON_NAME = AppIcon;
				ASSETCATALOG_COMPILER_LAUNCHIMAGE_NAME = LaunchImage;
				GCC_INCREASE_PRECOMPILED_HEADER_SHARING = NO;
				GCC_PRECOMPILE_PREFIX_HEADER = NO;
				GCC_PREFIX_HEADER = "";
				INFOPLIST_FILE = XiaChuFang/Info.plist;
				IPHONEOS_DEPLOYMENT_TARGET = 8.0;
				LD_RUNPATH_SEARCH_PATHS = "$(inherited) @executable_path/Frameworks";
				PRODUCT_BUNDLE_IDENTIFIER = com.yihuaapp.XiaChuFang;
				PRODUCT_NAME = "$(TARGET_NAME)";
				SWIFT_OBJC_BRIDGING_HEADER = "";
				SWIFT_VERSION = 4.0;
			};
			name = Release;
		};
		AFE4A79B1C99009000DAFD91 /* Debug */ = {
			isa = XCBuildConfiguration;
			buildSettings = {
				BUNDLE_LOADER = "$(TEST_HOST)";
				INFOPLIST_FILE = XiaChuFangTests/Info.plist;
				LD_RUNPATH_SEARCH_PATHS = "$(inherited) @executable_path/Frameworks @loader_path/Frameworks";
				PRODUCT_BUNDLE_IDENTIFIER = com.yihuaapp.XiaChuFangTests;
				PRODUCT_NAME = "$(TARGET_NAME)";
				TEST_HOST = "$(BUILT_PRODUCTS_DIR)/XiaChuFang.app/XiaChuFang";
			};
			name = Debug;
		};
		AFE4A79C1C99009000DAFD91 /* Release */ = {
			isa = XCBuildConfiguration;
			buildSettings = {
				BUNDLE_LOADER = "$(TEST_HOST)";
				INFOPLIST_FILE = XiaChuFangTests/Info.plist;
				LD_RUNPATH_SEARCH_PATHS = "$(inherited) @executable_path/Frameworks @loader_path/Frameworks";
				PRODUCT_BUNDLE_IDENTIFIER = com.yihuaapp.XiaChuFangTests;
				PRODUCT_NAME = "$(TARGET_NAME)";
				TEST_HOST = "$(BUILT_PRODUCTS_DIR)/XiaChuFang.app/XiaChuFang";
			};
			name = Release;
		};
		AFE4A79E1C99009000DAFD91 /* Debug */ = {
			isa = XCBuildConfiguration;
			buildSettings = {
				INFOPLIST_FILE = XiaChuFangUITests/Info.plist;
				LD_RUNPATH_SEARCH_PATHS = "$(inherited) @executable_path/Frameworks @loader_path/Frameworks";
				PRODUCT_BUNDLE_IDENTIFIER = com.yihuaapp.XiaChuFangUITests;
				PRODUCT_NAME = "$(TARGET_NAME)";
				TEST_TARGET_NAME = XiaChuFang;
				USES_XCTRUNNER = YES;
			};
			name = Debug;
		};
		AFE4A79F1C99009000DAFD91 /* Release */ = {
			isa = XCBuildConfiguration;
			buildSettings = {
				INFOPLIST_FILE = XiaChuFangUITests/Info.plist;
				LD_RUNPATH_SEARCH_PATHS = "$(inherited) @executable_path/Frameworks @loader_path/Frameworks";
				PRODUCT_BUNDLE_IDENTIFIER = com.yihuaapp.XiaChuFangUITests;
				PRODUCT_NAME = "$(TARGET_NAME)";
				TEST_TARGET_NAME = XiaChuFang;
				USES_XCTRUNNER = YES;
			};
			name = Release;
		};
/* End XCBuildConfiguration section */

/* Begin XCConfigurationList section */
		AFE4A76A1C99009000DAFD91 /* Build configuration list for PBXProject "XiaChuFang" */ = {
			isa = XCConfigurationList;
			buildConfigurations = (
				AFE4A7951C99009000DAFD91 /* Debug */,
				AFE4A7961C99009000DAFD91 /* Release */,
			);
			defaultConfigurationIsVisible = 0;
			defaultConfigurationName = Release;
		};
		AFE4A7971C99009000DAFD91 /* Build configuration list for PBXNativeTarget "XiaChuFang" */ = {
			isa = XCConfigurationList;
			buildConfigurations = (
				AFE4A7981C99009000DAFD91 /* Debug */,
				AFE4A7991C99009000DAFD91 /* Release */,
			);
			defaultConfigurationIsVisible = 0;
			defaultConfigurationName = Release;
		};
		AFE4A79A1C99009000DAFD91 /* Build configuration list for PBXNativeTarget "XiaChuFangTests" */ = {
			isa = XCConfigurationList;
			buildConfigurations = (
				AFE4A79B1C99009000DAFD91 /* Debug */,
				AFE4A79C1C99009000DAFD91 /* Release */,
			);
			defaultConfigurationIsVisible = 0;
			defaultConfigurationName = Release;
		};
		AFE4A79D1C99009000DAFD91 /* Build configuration list for PBXNativeTarget "XiaChuFangUITests" */ = {
			isa = XCConfigurationList;
			buildConfigurations = (
				AFE4A79E1C99009000DAFD91 /* Debug */,
				AFE4A79F1C99009000DAFD91 /* Release */,
			);
			defaultConfigurationIsVisible = 0;
			defaultConfigurationName = Release;
		};
/* End XCConfigurationList section */
	};
	rootObject = AFE4A7671C99009000DAFD91 /* Project object */;
}
